
Microsoft Visual Studio Solution File, Format Version 12.00
# Visual Studio Version 17
VisualStudioVersion = 17.8.34316.72
MinimumVisualStudioVersion = 10.0.40219.1
Project("{FAE04EC0-301F-11D3-BF4B-00C04F79EFBC}") = "FinalProject3", "FinalProject3.csproj", "{BA0B229D-6649-4DB1-86C2-576D0604851B}"
EndProject
Global
	GlobalSection(SolutionConfigurationPlatforms) = preSolution
		Debug|Any CPU = Debug|Any CPU
		Release|Any CPU = Release|Any CPU
	EndGlobalSection
	GlobalSection(ProjectConfigurationPlatforms) = postSolution
		{BA0B229D-6649-4DB1-86C2-576D0604851B}.Debug|Any CPU.ActiveCfg = Debug|Any CPU
		{BA0B229D-6649-4DB1-86C2-576D0604851B}.Debug|Any CPU.Build.0 = Debug|Any CPU
		{BA0B229D-6649-4DB1-86C2-576D0604851B}.Release|Any CPU.ActiveCfg = Release|Any CPU
		{BA0B229D-6649-4DB1-86C2-576D0604851B}.Release|Any CPU.Build.0 = Release|Any CPU
	EndGlobalSection
	GlobalSection(SolutionProperties) = preSolution
		HideSolutionNode = FALSE
	EndGlobalSection
	GlobalSection(ExtensibilityGlobals) = postSolution
		SolutionGuid = {03052950-3CA9-46AD-9E66-7A25102BEED9}
	EndGlobalSection
EndGlobal
